<Solution>
  <Folder Name="/tests/">
    <Project Path="tests/ReleasePilot.Domain.UnitTests/ReleasePilot.Domain.UnitTests.csproj" Id="c4c7f382-ea9c-4eea-aa1e-fb87225150f6" />
  </Folder>
  <Project Path="src/ReleasePilot.Api/ReleasePilot.Api.csproj" />
  <Project Path="src/ReleasePilot.Application/ReleasePilot.Application.csproj" />
  <Project Path="src/ReleasePilot.Domain/ReleasePilot.Domain.csproj" />
  <Project Path="src/ReleasePilot.Infrastructure/ReleasePilot.Infrastructure.csproj" />
</Solution>
